// !$*UTF8*$!
{
	archiveVersion = 1;
	classes = {
	};
	objectVersion = 50;
	objects = {

/* Begin PBXBuildFile section */
		CD2F27D2237C4306004E5FF9 /* CubeNode.swift in Sources */ = {isa = PBXBuildFile; fileRef = CD2F27D1237C4306004E5FF9 /* CubeNode.swift */; };
		CD2F27D4237C4D15004E5FF9 /* FloorNode.swift in Sources */ = {isa = PBXBuildFile; fileRef = CD2F27D3237C4D15004E5FF9 /* FloorNode.swift */; };
		CD2F27D6237C4F35004E5FF9 /* WallNode.swift in Sources */ = {isa = PBXBuildFile; fileRef = CD2F27D5237C4F35004E5FF9 /* WallNode.swift */; };
		CD2F27D8237C5595004E5FF9 /* SphereNode.swift in Sources */ = {isa = PBXBuildFile; fileRef = CD2F27D7237C5595004E5FF9 /* SphereNode.swift */; };
		CD3E23CA2372D24500ECD967 /* Extensions.swift in Sources */ = {isa = PBXBuildFile; fileRef = CD3E23C92372D24500ECD967 /* Extensions.swift */; };
		CD4812EE2375C29200B86F35 /* Start.storyboard in Resources */ = {isa = PBXBuildFile; fileRef = CDFC336D2369DAB7006A91AF /* Start.storyboard */; };
		CD5E168A2375B6E40006448A /* Build.storyboard in Resources */ = {isa = PBXBuildFile; fileRef = CD5E16882375B6E30006448A /* Build.storyboard */; };
		CD5E168C2375BB000006448A /* StartViewController.swift in Sources */ = {isa = PBXBuildFile; fileRef = CD5E168B2375BB000006448A /* StartViewController.swift */; };
		CD6985E7237341B000ECA2DD /* art.scnassets in Resources */ = {isa = PBXBuildFile; fileRef = CD6985E6237341B000ECA2DD /* art.scnassets */; };
		CDF0548923780A190060F800 /* Paint.storyboard in Resources */ = {isa = PBXBuildFile; fileRef = CDF0548723780A190060F800 /* Paint.storyboard */; };
		CDF0548B23780A790060F800 /* PaintViewController.swift in Sources */ = {isa = PBXBuildFile; fileRef = CDF0548A23780A790060F800 /* PaintViewController.swift */; };
		CDFC33682369DAB7006A91AF /* AppDelegate.swift in Sources */ = {isa = PBXBuildFile; fileRef = CDFC33672369DAB7006A91AF /* AppDelegate.swift */; };
		CDFC336A2369DAB7006A91AF /* SceneDelegate.swift in Sources */ = {isa = PBXBuildFile; fileRef = CDFC33692369DAB7006A91AF /* SceneDelegate.swift */; };
		CDFC336C2369DAB7006A91AF /* BuildViewController.swift in Sources */ = {isa = PBXBuildFile; fileRef = CDFC336B2369DAB7006A91AF /* BuildViewController.swift */; };
		CDFC33742369DAB7006A91AF /* LaunchScreen.storyboard in Resources */ = {isa = PBXBuildFile; fileRef = CDFC33722369DAB7006A91AF /* LaunchScreen.storyboard */; };
/* End PBXBuildFile section */

/* Begin PBXFileReference section */
		CD2F27D1237C4306004E5FF9 /* CubeNode.swift */ = {isa = PBXFileReference; lastKnownFileType = sourcecode.swift; path = CubeNode.swift; sourceTree = "<group>"; };
		CD2F27D3237C4D15004E5FF9 /* FloorNode.swift */ = {isa = PBXFileReference; lastKnownFileType = sourcecode.swift; path = FloorNode.swift; sourceTree = "<group>"; };
		CD2F27D5237C4F35004E5FF9 /* WallNode.swift */ = {isa = PBXFileReference; lastKnownFileType = sourcecode.swift; path = WallNode.swift; sourceTree = "<group>"; };
		CD2F27D7237C5595004E5FF9 /* SphereNode.swift */ = {isa = PBXFileReference; lastKnownFileType = sourcecode.swift; path = SphereNode.swift; sourceTree = "<group>"; };
		CD3E23C92372D24500ECD967 /* Extensions.swift */ = {isa = PBXFileReference; lastKnownFileType = sourcecode.swift; path = Extensions.swift; sourceTree = "<group>"; };
		CD5E16862375B5EC0006448A /* Assets.xcassets */ = {isa = PBXFileReference; lastKnownFileType = folder.assetcatalog; path = Assets.xcassets; sourceTree = "<group>"; };
		CD5E16872375B60E0006448A /* Info.plist */ = {isa = PBXFileReference; lastKnownFileType = text.plist.xml; path = Info.plist; sourceTree = "<group>"; };
		CD5E16892375B6E40006448A /* Base */ = {isa = PBXFileReference; lastKnownFileType = file.storyboard; name = Base; path = "AR-Experience/View/Base.lproj/Build.storyboard"; sourceTree = "<group>"; };
		CD5E168B2375BB000006448A /* StartViewController.swift */ = {isa = PBXFileReference; lastKnownFileType = sourcecode.swift; path = StartViewController.swift; sourceTree = "<group>"; };
		CD6985E6237341B000ECA2DD /* art.scnassets */ = {isa = PBXFileReference; lastKnownFileType = wrapper.scnassets; path = art.scnassets; sourceTree = "<group>"; };
		CDF0548823780A190060F800 /* Base */ = {isa = PBXFileReference; lastKnownFileType = file.storyboard; name = Base; path = "AR-Experience/View/Base.lproj/Paint.storyboard"; sourceTree = "<group>"; };
		CDF0548A23780A790060F800 /* PaintViewController.swift */ = {isa = PBXFileReference; lastKnownFileType = sourcecode.swift; path = PaintViewController.swift; sourceTree = "<group>"; };
		CDFC33642369DAB7006A91AF /* AR-Experience.app */ = {isa = PBXFileReference; explicitFileType = wrapper.application; includeInIndex = 0; path = "AR-Experience.app"; sourceTree = BUILT_PRODUCTS_DIR; };
		CDFC33672369DAB7006A91AF /* AppDelegate.swift */ = {isa = PBXFileReference; lastKnownFileType = sourcecode.swift; path = AppDelegate.swift; sourceTree = "<group>"; };
		CDFC33692369DAB7006A91AF /* SceneDelegate.swift */ = {isa = PBXFileReference; lastKnownFileType = sourcecode.swift; path = SceneDelegate.swift; sourceTree = "<group>"; };
		CDFC336B2369DAB7006A91AF /* BuildViewController.swift */ = {isa = PBXFileReference; lastKnownFileType = sourcecode.swift; path = BuildViewController.swift; sourceTree = "<group>"; };
		CDFC336E2369DAB7006A91AF /* Base */ = {isa = PBXFileReference; lastKnownFileType = file.storyboard; name = Base; path = Base.lproj/Start.storyboard; sourceTree = "<group>"; };
		CDFC33732369DAB7006A91AF /* Base */ = {isa = PBXFileReference; lastKnownFileType = file.storyboard; name = Base; path = Base.lproj/LaunchScreen.storyboard; sourceTree = "<group>"; };
/* End PBXFileReference section */

/* Begin PBXFrameworksBuildPhase section */
		CDFC33612369DAB7006A91AF /* Frameworks */ = {
			isa = PBXFrameworksBuildPhase;
			buildActionMask = 2147483647;
			files = (
			);
			runOnlyForDeploymentPostprocessing = 0;
		};
/* End PBXFrameworksBuildPhase section */

/* Begin PBXGroup section */
		CD4BFB4C2375AC7900AA163A /* Controller */ = {
			isa = PBXGroup;
			children = (
				CD5E168B2375BB000006448A /* StartViewController.swift */,
				CDFC336B2369DAB7006A91AF /* BuildViewController.swift */,
				CDF0548A23780A790060F800 /* PaintViewController.swift */,
			);
			path = Controller;
			sourceTree = "<group>";
		};
		CD4BFB4D2375AC8100AA163A /* View */ = {
			isa = PBXGroup;
			children = (
				CDFC33722369DAB7006A91AF /* LaunchScreen.storyboard */,
				CDFC336D2369DAB7006A91AF /* Start.storyboard */,
				CD5E16882375B6E30006448A /* Build.storyboard */,
				CDF0548723780A190060F800 /* Paint.storyboard */,
			);
			path = View;
			sourceTree = "<group>";
		};
		CD4BFB4E2375AC8800AA163A /* Model */ = {
			isa = PBXGroup;
			children = (
				CDFC33672369DAB7006A91AF /* AppDelegate.swift */,
				CDFC33692369DAB7006A91AF /* SceneDelegate.swift */,
				CD3E23C92372D24500ECD967 /* Extensions.swift */,
				CD2F27D1237C4306004E5FF9 /* CubeNode.swift */,
				CD2F27D3237C4D15004E5FF9 /* FloorNode.swift */,
				CD2F27D5237C4F35004E5FF9 /* WallNode.swift */,
				CD2F27D7237C5595004E5FF9 /* SphereNode.swift */,
			);
			path = Model;
			sourceTree = "<group>";
		};
		CDFC335B2369DAB7006A91AF = {
			isa = PBXGroup;
			children = (
				CDFC33662369DAB7006A91AF /* AR-Experience */,
				CD5E16872375B60E0006448A /* Info.plist */,
				CDFC33652369DAB7006A91AF /* Products */,
			);
			sourceTree = "<group>";
		};
		CDFC33652369DAB7006A91AF /* Products */ = {
			isa = PBXGroup;
			children = (
				CDFC33642369DAB7006A91AF /* AR-Experience.app */,
			);
			name = Products;
			sourceTree = "<group>";
		};
		CDFC33662369DAB7006A91AF /* AR-Experience */ = {
			isa = PBXGroup;
			children = (
				CD4BFB4E2375AC8800AA163A /* Model */,
				CD4BFB4D2375AC8100AA163A /* View */,
				CD4BFB4C2375AC7900AA163A /* Controller */,
				CD5E16862375B5EC0006448A /* Assets.xcassets */,
				CD6985E6237341B000ECA2DD /* art.scnassets */,
			);
			path = "AR-Experience";
			sourceTree = "<group>";
		};
/* End PBXGroup section */

/* Begin PBXNativeTarget section */
		CDFC33632369DAB7006A91AF /* AR-Experience */ = {
			isa = PBXNativeTarget;
			buildConfigurationList = CDFC33782369DAB7006A91AF /* Build configuration list for PBXNativeTarget "AR-Experience" */;
			buildPhases = (
				CDFC33602369DAB7006A91AF /* Sources */,
				CDFC33612369DAB7006A91AF /* Frameworks */,
				CDFC33622369DAB7006A91AF /* Resources */,
			);
			buildRules = (
			);
			dependencies = (
			);
			name = "AR-Experience";
			productName = "AR-Experience";
			productReference = CDFC33642369DAB7006A91AF /* AR-Experience.app */;
			productType = "com.apple.product-type.application";
		};
/* End PBXNativeTarget section */

/* Begin PBXProject section */
		CDFC335C2369DAB7006A91AF /* Project object */ = {
			isa = PBXProject;
			attributes = {
				LastSwiftUpdateCheck = 1100;
				LastUpgradeCheck = 1100;
				ORGANIZATIONNAME = "Pavel Barros Quintanilla";
				TargetAttributes = {
					CDFC33632369DAB7006A91AF = {
						CreatedOnToolsVersion = 11.0;
					};
				};
			};
			buildConfigurationList = CDFC335F2369DAB7006A91AF /* Build configuration list for PBXProject "AR-Experience" */;
			compatibilityVersion = "Xcode 9.3";
			developmentRegion = en;
			hasScannedForEncodings = 0;
			knownRegions = (
				en,
				Base,
			);
			mainGroup = CDFC335B2369DAB7006A91AF;
			productRefGroup = CDFC33652369DAB7006A91AF /* Products */;
			projectDirPath = "";
			projectRoot = "";
			targets = (
				CDFC33632369DAB7006A91AF /* AR-Experience */,
			);
		};
/* End PBXProject section */

/* Begin PBXResourcesBuildPhase section */
		CDFC33622369DAB7006A91AF /* Resources */ = {
			isa = PBXResourcesBuildPhase;
			buildActionMask = 2147483647;
			files = (
				CDFC33742369DAB7006A91AF /* LaunchScreen.storyboard in Resources */,
				CD6985E7237341B000ECA2DD /* art.scnassets in Resources */,
				CD5E168A2375B6E40006448A /* Build.storyboard in Resources */,
				CD4812EE2375C29200B86F35 /* Start.storyboard in Resources */,
				CDF0548923780A190060F800 /* Paint.storyboard in Resources */,
			);
			runOnlyForDeploymentPostprocessing = 0;
		};
/* End PBXResourcesBuildPhase section */

/* Begin PBXSourcesBuildPhase section */
		CDFC33602369DAB7006A91AF /* Sources */ = {
			isa = PBXSourcesBuildPhase;
			buildActionMask = 2147483647;
			files = (
				CD5E168C2375BB000006448A /* StartViewController.swift in Sources */,
				CDF0548B23780A790060F800 /* PaintViewController.swift in Sources */,
				CD2F27D4237C4D15004E5FF9 /* FloorNode.swift in Sources */,
				CDFC336C2369DAB7006A91AF /* BuildViewController.swift in Sources */,
				CDFC33682369DAB7006A91AF /* AppDelegate.swift in Sources */,
				CD2F27D2237C4306004E5FF9 /* CubeNode.swift in Sources */,
				CD2F27D8237C5595004E5FF9 /* SphereNode.swift in Sources */,
				CDFC336A2369DAB7006A91AF /* SceneDelegate.swift in Sources */,
				CD3E23CA2372D24500ECD967 /* Extensions.swift in Sources */,
				CD2F27D6237C4F35004E5FF9 /* WallNode.swift in Sources */,
			);
			runOnlyForDeploymentPostprocessing = 0;
		};
/* End PBXSourcesBuildPhase section */

/* Begin PBXVariantGroup section */
		CD5E16882375B6E30006448A /* Build.storyboard */ = {
			isa = PBXVariantGroup;
			children = (
				CD5E16892375B6E40006448A /* Base */,
			);
			name = Build.storyboard;
			sourceTree = "<group>";
		};
		CDF0548723780A190060F800 /* Paint.storyboard */ = {
			isa = PBXVariantGroup;
			children = (
				CDF0548823780A190060F800 /* Base */,
			);
			name = Paint.storyboard;
			sourceTree = "<group>";
		};
		CDFC336D2369DAB7006A91AF /* Start.storyboard */ = {
			isa = PBXVariantGroup;
			children = (
				CDFC336E2369DAB7006A91AF /* Base */,
			);
			name = Start.storyboard;
			sourceTree = "<group>";
		};
		CDFC33722369DAB7006A91AF /* LaunchScreen.storyboard */ = {
			isa = PBXVariantGroup;
			children = (
				CDFC33732369DAB7006A91AF /* Base */,
			);
			name = LaunchScreen.storyboard;
			sourceTree = "<group>";
		};
/* End PBXVariantGroup section */

/* Begin XCBuildConfiguration section */
		CDFC33762369DAB7006A91AF /* Debug */ = {
			isa = XCBuildConfiguration;
			buildSettings = {
				ALWAYS_SEARCH_USER_PATHS = NO;
				CLANG_ANALYZER_NONNULL = YES;
				CLANG_ANALYZER_NUMBER_OBJECT_CONVERSION = YES_AGGRESSIVE;
				CLANG_CXX_LANGUAGE_STANDARD = "gnu++14";
				CLANG_CXX_LIBRARY = "libc++";
				CLANG_ENABLE_MODULES = YES;
				CLANG_ENABLE_OBJC_ARC = YES;
				CLANG_ENABLE_OBJC_WEAK = YES;
				CLANG_WARN_BLOCK_CAPTURE_AUTORELEASING = YES;
				CLANG_WARN_BOOL_CONVERSION = YES;
				CLANG_WARN_COMMA = YES;
				CLANG_WARN_CONSTANT_CONVERSION = YES;
				CLANG_WARN_DEPRECATED_OBJC_IMPLEMENTATIONS = YES;
				CLANG_WARN_DIRECT_OBJC_ISA_USAGE = YES_ERROR;
				CLANG_WARN_DOCUMENTATION_COMMENTS = YES;
				CLANG_WARN_EMPTY_BODY = YES;
				CLANG_WARN_ENUM_CONVERSION = YES;
				CLANG_WARN_INFINITE_RECURSION = YES;
				CLANG_WARN_INT_CONVERSION = YES;
				CLANG_WARN_NON_LITERAL_NULL_CONVERSION = YES;
				CLANG_WARN_OBJC_IMPLICIT_RETAIN_SELF = YES;
				CLANG_WARN_OBJC_LITERAL_CONVERSION = YES;
				CLANG_WARN_OBJC_ROOT_CLASS = YES_ERROR;
				CLANG_WARN_RANGE_LOOP_ANALYSIS = YES;
				CLANG_WARN_STRICT_PROTOTYPES = YES;
				CLANG_WARN_SUSPICIOUS_MOVE = YES;
				CLANG_WARN_UNGUARDED_AVAILABILITY = YES_AGGRESSIVE;
				CLANG_WARN_UNREACHABLE_CODE = YES;
				CLANG_WARN__DUPLICATE_METHOD_MATCH = YES;
				COPY_PHASE_STRIP = NO;
				DEBUG_INFORMATION_FORMAT = dwarf;
				ENABLE_STRICT_OBJC_MSGSEND = YES;
				ENABLE_TESTABILITY = YES;
				GCC_C_LANGUAGE_STANDARD = gnu11;
				GCC_DYNAMIC_NO_PIC = NO;
				GCC_NO_COMMON_BLOCKS = YES;
				GCC_OPTIMIZATION_LEVEL = 0;
				GCC_PREPROCESSOR_DEFINITIONS = (
					"DEBUG=1",
					"$(inherited)",
				);
				GCC_WARN_64_TO_32_BIT_CONVERSION = YES;
				GCC_WARN_ABOUT_RETURN_TYPE = YES_ERROR;
				GCC_WARN_UNDECLARED_SELECTOR = YES;
				GCC_WARN_UNINITIALIZED_AUTOS = YES_AGGRESSIVE;
				GCC_WARN_UNUSED_FUNCTION = YES;
				GCC_WARN_UNUSED_VARIABLE = YES;
				IPHONEOS_DEPLOYMENT_TARGET = 13.0;
				MTL_ENABLE_DEBUG_INFO = INCLUDE_SOURCE;
				MTL_FAST_MATH = YES;
				ONLY_ACTIVE_ARCH = YES;
				SDKROOT = iphoneos;
				SWIFT_ACTIVE_COMPILATION_CONDITIONS = DEBUG;
				SWIFT_OPTIMIZATION_LEVEL = "-Onone";
			};
			name = Debug;
		};
		CDFC33772369DAB7006A91AF /* Release */ = {
			isa = XCBuildConfiguration;
			buildSettings = {
				ALWAYS_SEARCH_USER_PATHS = NO;
				CLANG_ANALYZER_NONNULL = YES;
				CLANG_ANALYZER_NUMBER_OBJECT_CONVERSION = YES_AGGRESSIVE;
				CLANG_CXX_LANGUAGE_STANDARD = "gnu++14";
				CLANG_CXX_LIBRARY = "libc++";
				CLANG_ENABLE_MODULES = YES;
				CLANG_ENABLE_OBJC_ARC = YES;
				CLANG_ENABLE_OBJC_WEAK = YES;
				CLANG_WARN_BLOCK_CAPTURE_AUTORELEASING = YES;
				CLANG_WARN_BOOL_CONVERSION = YES;
				CLANG_WARN_COMMA = YES;
				CLANG_WARN_CONSTANT_CONVERSION = YES;
				CLANG_WARN_DEPRECATED_OBJC_IMPLEMENTATIONS = YES;
				CLANG_WARN_DIRECT_OBJC_ISA_USAGE = YES_ERROR;
				CLANG_WARN_DOCUMENTATION_COMMENTS = YES;
				CLANG_WARN_EMPTY_BODY = YES;
				CLANG_WARN_ENUM_CONVERSION = YES;
				CLANG_WARN_INFINITE_RECURSION = YES;
				CLANG_WARN_INT_CONVERSION = YES;
				CLANG_WARN_NON_LITERAL_NULL_CONVERSION = YES;
				CLANG_WARN_OBJC_IMPLICIT_RETAIN_SELF = YES;
				CLANG_WARN_OBJC_LITERAL_CONVERSION = YES;
				CLANG_WARN_OBJC_ROOT_CLASS = YES_ERROR;
				CLANG_WARN_RANGE_LOOP_ANALYSIS = YES;
				CLANG_WARN_STRICT_PROTOTYPES = YES;
				CLANG_WARN_SUSPICIOUS_MOVE = YES;
				CLANG_WARN_UNGUARDED_AVAILABILITY = YES_AGGRESSIVE;
				CLANG_WARN_UNREACHABLE_CODE = YES;
				CLANG_WARN__DUPLICATE_METHOD_MATCH = YES;
				COPY_PHASE_STRIP = NO;
				DEBUG_INFORMATION_FORMAT = "dwarf-with-dsym";
				ENABLE_NS_ASSERTIONS = NO;
				ENABLE_STRICT_OBJC_MSGSEND = YES;
				GCC_C_LANGUAGE_STANDARD = gnu11;
				GCC_NO_COMMON_BLOCKS = YES;
				GCC_WARN_64_TO_32_BIT_CONVERSION = YES;
				GCC_WARN_ABOUT_RETURN_TYPE = YES_ERROR;
				GCC_WARN_UNDECLARED_SELECTOR = YES;
				GCC_WARN_UNINITIALIZED_AUTOS = YES_AGGRESSIVE;
				GCC_WARN_UNUSED_FUNCTION = YES;
				GCC_WARN_UNUSED_VARIABLE = YES;
				IPHONEOS_DEPLOYMENT_TARGET = 13.0;
				MTL_ENABLE_DEBUG_INFO = NO;
				MTL_FAST_MATH = YES;
				SDKROOT = iphoneos;
				SWIFT_COMPILATION_MODE = wholemodule;
				SWIFT_OPTIMIZATION_LEVEL = "-O";
				VALIDATE_PRODUCT = YES;
			};
			name = Release;
		};
		CDFC33792369DAB7006A91AF /* Debug */ = {
			isa = XCBuildConfiguration;
			buildSettings = {
				ASSETCATALOG_COMPILER_APPICON_NAME = AppIcon;
				CODE_SIGN_STYLE = Automatic;
				DEVELOPMENT_TEAM = VFX889M75X;
				INFOPLIST_FILE = "$(SRCROOT)/Info.plist";
				LD_RUNPATH_SEARCH_PATHS = (
					"$(inherited)",
					"@executable_path/Frameworks",
				);
				PRODUCT_BUNDLE_IDENTIFIER = "pbq.AR-Experience";
				PRODUCT_NAME = "$(TARGET_NAME)";
				SWIFT_VERSION = 5.0;
				TARGETED_DEVICE_FAMILY = 1;
			};
			name = Debug;
		};
		CDFC337A2369DAB7006A91AF /* Release */ = {
			isa = XCBuildConfiguration;
			buildSettings = {
				ASSETCATALOG_COMPILER_APPICON_NAME = AppIcon;
				CODE_SIGN_STYLE = Automatic;
				DEVELOPMENT_TEAM = VFX889M75X;
				INFOPLIST_FILE = "$(SRCROOT)/Info.plist";
				LD_RUNPATH_SEARCH_PATHS = (
					"$(inherited)",
					"@executable_path/Frameworks",
				);
				PRODUCT_BUNDLE_IDENTIFIER = "pbq.AR-Experience";
				PRODUCT_NAME = "$(TARGET_NAME)";
				SWIFT_VERSION = 5.0;
				TARGETED_DEVICE_FAMILY = 1;
			};
			name = Release;
		};
/* End XCBuildConfiguration section */

/* Begin XCConfigurationList section */
		CDFC335F2369DAB7006A91AF /* Build configuration list for PBXProject "AR-Experience" */ = {
			isa = XCConfigurationList;
			buildConfigurations = (
				CDFC33762369DAB7006A91AF /* Debug */,
				CDFC33772369DAB7006A91AF /* Release */,
			);
			defaultConfigurationIsVisible = 0;
			defaultConfigurationName = Release;
		};
		CDFC33782369DAB7006A91AF /* Build configuration list for PBXNativeTarget "AR-Experience" */ = {
			isa = XCConfigurationList;
			buildConfigurations = (
				CDFC33792369DAB7006A91AF /* Debug */,
				CDFC337A2369DAB7006A91AF /* Release */,
			);
			defaultConfigurationIsVisible = 0;
			defaultConfigurationName = Release;
		};
/* End XCConfigurationList section */
	};
	rootObject = CDFC335C2369DAB7006A91AF /* Project object */;
}
